// !$*UTF8*$!
{
	archiveVersion = 1;
	classes = {
	};
	objectVersion = 46;
	objects = {

/* Begin PBXBuildFile section */
		34387FAE1623B522002941B8 /* ReplaceMethodTests.m in Sources */ = {isa = PBXBuildFile; fileRef = 34387FAD1623B522002941B8 /* ReplaceMethodTests.m */; };
		34387FAF1623B522002941B8 /* ReplaceMethodTests.m in Sources */ = {isa = PBXBuildFile; fileRef = 34387FAD1623B522002941B8 /* ReplaceMethodTests.m */; };
		34387FB31624B174002941B8 /* OverrideMethodTests.m in Sources */ = {isa = PBXBuildFile; fileRef = 34387FB21624B174002941B8 /* OverrideMethodTests.m */; };
		34387FB41624B174002941B8 /* OverrideMethodTests.m in Sources */ = {isa = PBXBuildFile; fileRef = 34387FB21624B174002941B8 /* OverrideMethodTests.m */; };
		34387FB71624C0B7002941B8 /* DynamicSubclassingTests.m in Sources */ = {isa = PBXBuildFile; fileRef = 34387FB61624C0B7002941B8 /* DynamicSubclassingTests.m */; };
		34387FB81624C0B7002941B8 /* DynamicSubclassingTests.m in Sources */ = {isa = PBXBuildFile; fileRef = 34387FB61624C0B7002941B8 /* DynamicSubclassingTests.m */; };
		3472869F16229669009EFA98 /* InfoPlist.strings in Resources */ = {isa = PBXBuildFile; fileRef = 349A223E1622168D001D254C /* InfoPlist.strings */; };
		347286A21623594B009EFA98 /* AliasMethodTests.m in Sources */ = {isa = PBXBuildFile; fileRef = 347286A11623594B009EFA98 /* AliasMethodTests.m */; };
		347286A31623594B009EFA98 /* AliasMethodTests.m in Sources */ = {isa = PBXBuildFile; fileRef = 347286A11623594B009EFA98 /* AliasMethodTests.m */; };
		3495FE7618712C88004159A4 /* NSObject+FMSSwizzler.h in CopyFiles */ = {isa = PBXBuildFile; fileRef = 349A220E16221546001D254C /* NSObject+FMSSwizzler.h */; };
		349A21E71622152D001D254C /* Foundation.framework in Frameworks */ = {isa = PBXBuildFile; fileRef = 349A21E61622152D001D254C /* Foundation.framework */; };
		349A21F61622152D001D254C /* SenTestingKit.framework in Frameworks */ = {isa = PBXBuildFile; fileRef = 349A21F51622152D001D254C /* SenTestingKit.framework */; };
		349A21F81622152D001D254C /* UIKit.framework in Frameworks */ = {isa = PBXBuildFile; fileRef = 349A21F71622152D001D254C /* UIKit.framework */; };
		349A21F91622152D001D254C /* Foundation.framework in Frameworks */ = {isa = PBXBuildFile; fileRef = 349A21E61622152D001D254C /* Foundation.framework */; };
		349A21FC1622152D001D254C /* libFMSSwizzler_ios.a in Frameworks */ = {isa = PBXBuildFile; fileRef = 349A21E31622152D001D254C /* libFMSSwizzler_ios.a */; };
		349A221016221546001D254C /* NSObject+FMSSwizzler.m in Sources */ = {isa = PBXBuildFile; fileRef = 349A220F16221546001D254C /* NSObject+FMSSwizzler.m */; };
		349A22251622168D001D254C /* Cocoa.framework in Frameworks */ = {isa = PBXBuildFile; fileRef = 349A22241622168D001D254C /* Cocoa.framework */; };
		349A22361622168D001D254C /* SenTestingKit.framework in Frameworks */ = {isa = PBXBuildFile; fileRef = 349A21F51622152D001D254C /* SenTestingKit.framework */; };
		349A22371622168D001D254C /* Cocoa.framework in Frameworks */ = {isa = PBXBuildFile; fileRef = 349A22241622168D001D254C /* Cocoa.framework */; };
		349A223A1622168D001D254C /* libFMSwizzler_osx.a in Frameworks */ = {isa = PBXBuildFile; fileRef = 349A22231622168D001D254C /* libFMSwizzler_osx.a */; };
		349A22431622168D001D254C /* PseudoPropertyTests.m in Sources */ = {isa = PBXBuildFile; fileRef = 349A22421622168D001D254C /* PseudoPropertyTests.m */; };
		349A224A162216B3001D254C /* NSObject+FMSSwizzler.m in Sources */ = {isa = PBXBuildFile; fileRef = 349A220F16221546001D254C /* NSObject+FMSSwizzler.m */; };
		349A224F1622243C001D254C /* NSObject+FMSSwizzler.m in Sources */ = {isa = PBXBuildFile; fileRef = 349A220F16221546001D254C /* NSObject+FMSSwizzler.m */; };
		349A225B16228EFF001D254C /* PseudoPropertyTests.m in Sources */ = {isa = PBXBuildFile; fileRef = 349A22421622168D001D254C /* PseudoPropertyTests.m */; };
		349A225C16228F52001D254C /* NSObject+FMSSwizzler.m in Sources */ = {isa = PBXBuildFile; fileRef = 349A220F16221546001D254C /* NSObject+FMSSwizzler.m */; };
		349A2260162293D1001D254C /* Person.m in Sources */ = {isa = PBXBuildFile; fileRef = 349A224C16221BD9001D254C /* Person.m */; };
		349A2261162293D2001D254C /* Person.m in Sources */ = {isa = PBXBuildFile; fileRef = 349A224C16221BD9001D254C /* Person.m */; };
		349A2262162293D5001D254C /* MonitorableObject.m in Sources */ = {isa = PBXBuildFile; fileRef = 349A2251162236BC001D254C /* MonitorableObject.m */; };
		349A2263162293D6001D254C /* MonitorableObject.m in Sources */ = {isa = PBXBuildFile; fileRef = 349A2251162236BC001D254C /* MonitorableObject.m */; };
		349A226816229547001D254C /* InfoPlist.strings in Resources */ = {isa = PBXBuildFile; fileRef = 349A223E1622168D001D254C /* InfoPlist.strings */; };
		349DCF8B18712BC1005DC3CD /* NSObject+FMSSwizzler.h in CopyFiles */ = {isa = PBXBuildFile; fileRef = 349A220E16221546001D254C /* NSObject+FMSSwizzler.h */; };
/* End PBXBuildFile section */

/* Begin PBXContainerItemProxy section */
		349A21FA1622152D001D254C /* PBXContainerItemProxy */ = {
			isa = PBXContainerItemProxy;
			containerPortal = 349A21DA1622152D001D254C /* Project object */;
			proxyType = 1;
			remoteGlobalIDString = 349A21E21622152D001D254C;
			remoteInfo = FMSSwizzler;
		};
		349A22381622168D001D254C /* PBXContainerItemProxy */ = {
			isa = PBXContainerItemProxy;
			containerPortal = 349A21DA1622152D001D254C /* Project object */;
			proxyType = 1;
			remoteGlobalIDString = 349A22221622168D001D254C;
			remoteInfo = FMSwizzler_osx;
		};
/* End PBXContainerItemProxy section */

/* Begin PBXCopyFilesBuildPhase section */
		3495FE7518712C79004159A4 /* CopyFiles */ = {
			isa = PBXCopyFilesBuildPhase;
			buildActionMask = 2147483647;
			dstPath = "include/${PRODUCT_NAME}";
			dstSubfolderSpec = 16;
			files = (
				3495FE7618712C88004159A4 /* NSObject+FMSSwizzler.h in CopyFiles */,
			);
			runOnlyForDeploymentPostprocessing = 0;
		};
		349A21E11622152D001D254C /* CopyFiles */ = {
			isa = PBXCopyFilesBuildPhase;
			buildActionMask = 2147483647;
			dstPath = "include/${PRODUCT_NAME}";
			dstSubfolderSpec = 16;
			files = (
				349DCF8B18712BC1005DC3CD /* NSObject+FMSSwizzler.h in CopyFiles */,
			);
			runOnlyForDeploymentPostprocessing = 0;
		};
/* End PBXCopyFilesBuildPhase section */

/* Begin PBXFileReference section */
		34387FAC1623B522002941B8 /* ReplaceMethodTests.h */ = {isa = PBXFileReference; fileEncoding = 4; lastKnownFileType = sourcecode.c.h; path = ReplaceMethodTests.h; sourceTree = SOURCE_ROOT; };
		34387FAD1623B522002941B8 /* ReplaceMethodTests.m */ = {isa = PBXFileReference; fileEncoding = 4; lastKnownFileType = sourcecode.c.objc; path = ReplaceMethodTests.m; sourceTree = SOURCE_ROOT; };
		34387FB11624B174002941B8 /* OverrideMethodTests.h */ = {isa = PBXFileReference; fileEncoding = 4; lastKnownFileType = sourcecode.c.h; path = OverrideMethodTests.h; sourceTree = SOURCE_ROOT; };
		34387FB21624B174002941B8 /* OverrideMethodTests.m */ = {isa = PBXFileReference; fileEncoding = 4; lastKnownFileType = sourcecode.c.objc; path = OverrideMethodTests.m; sourceTree = SOURCE_ROOT; };
		34387FB51624C0B7002941B8 /* DynamicSubclassingTests.h */ = {isa = PBXFileReference; fileEncoding = 4; lastKnownFileType = sourcecode.c.h; path = DynamicSubclassingTests.h; sourceTree = SOURCE_ROOT; };
		34387FB61624C0B7002941B8 /* DynamicSubclassingTests.m */ = {isa = PBXFileReference; fileEncoding = 4; lastKnownFileType = sourcecode.c.objc; path = DynamicSubclassingTests.m; sourceTree = SOURCE_ROOT; };
		347162861626269600BE8B70 /* DoxygenDocs.docset */ = {isa = PBXFileReference; lastKnownFileType = wrapper; path = DoxygenDocs.docset; sourceTree = SOURCE_ROOT; };
		34716288162626B000BE8B70 /* doxygen.config */ = {isa = PBXFileReference; fileEncoding = 4; lastKnownFileType = text; path = doxygen.config; sourceTree = SOURCE_ROOT; };
		3472869E16229635009EFA98 /* FMSSwizzler_iosTests-Info.plist */ = {isa = PBXFileReference; fileEncoding = 4; lastKnownFileType = text.plist.xml; name = "FMSSwizzler_iosTests-Info.plist"; path = "FMSwizzler_tests_universal/FMSSwizzler_iosTests-Info.plist"; sourceTree = SOURCE_ROOT; };
		347286A01623594B009EFA98 /* AliasMethodTests.h */ = {isa = PBXFileReference; fileEncoding = 4; lastKnownFileType = sourcecode.c.h; path = AliasMethodTests.h; sourceTree = SOURCE_ROOT; };
		347286A11623594B009EFA98 /* AliasMethodTests.m */ = {isa = PBXFileReference; fileEncoding = 4; lastKnownFileType = sourcecode.c.objc; path = AliasMethodTests.m; sourceTree = SOURCE_ROOT; };
		349A21E31622152D001D254C /* libFMSSwizzler_ios.a */ = {isa = PBXFileReference; explicitFileType = archive.ar; includeInIndex = 0; path = libFMSSwizzler_ios.a; sourceTree = BUILT_PRODUCTS_DIR; };
		349A21E61622152D001D254C /* Foundation.framework */ = {isa = PBXFileReference; lastKnownFileType = wrapper.framework; name = Foundation.framework; path = System/Library/Frameworks/Foundation.framework; sourceTree = SDKROOT; };
		349A21EA1622152D001D254C /* FMSSwizzler-Prefix.pch */ = {isa = PBXFileReference; lastKnownFileType = sourcecode.c.h; path = "FMSSwizzler-Prefix.pch"; sourceTree = "<group>"; };
		349A21F41622152D001D254C /* FMSSwizzler_iosTests.octest */ = {isa = PBXFileReference; explicitFileType = wrapper.cfbundle; includeInIndex = 0; path = FMSSwizzler_iosTests.octest; sourceTree = BUILT_PRODUCTS_DIR; };
		349A21F51622152D001D254C /* SenTestingKit.framework */ = {isa = PBXFileReference; lastKnownFileType = wrapper.framework; name = SenTestingKit.framework; path = Library/Frameworks/SenTestingKit.framework; sourceTree = DEVELOPER_DIR; };
		349A21F71622152D001D254C /* UIKit.framework */ = {isa = PBXFileReference; lastKnownFileType = wrapper.framework; name = UIKit.framework; path = Library/Frameworks/UIKit.framework; sourceTree = DEVELOPER_DIR; };
		349A220E16221546001D254C /* NSObject+FMSSwizzler.h */ = {isa = PBXFileReference; fileEncoding = 4; lastKnownFileType = sourcecode.c.h; path = "NSObject+FMSSwizzler.h"; sourceTree = "<group>"; };
		349A220F16221546001D254C /* NSObject+FMSSwizzler.m */ = {isa = PBXFileReference; fileEncoding = 4; lastKnownFileType = sourcecode.c.objc; path = "NSObject+FMSSwizzler.m"; sourceTree = "<group>"; };
		349A22231622168D001D254C /* libFMSwizzler_osx.a */ = {isa = PBXFileReference; explicitFileType = archive.ar; includeInIndex = 0; path = libFMSwizzler_osx.a; sourceTree = BUILT_PRODUCTS_DIR; };
		349A22241622168D001D254C /* Cocoa.framework */ = {isa = PBXFileReference; lastKnownFileType = wrapper.framework; name = Cocoa.framework; path = Library/Frameworks/Cocoa.framework; sourceTree = DEVELOPER_DIR; };
		349A22271622168D001D254C /* AppKit.framework */ = {isa = PBXFileReference; lastKnownFileType = wrapper.framework; name = AppKit.framework; path = Library/Frameworks/AppKit.framework; sourceTree = SDKROOT; };
		349A22281622168D001D254C /* CoreData.framework */ = {isa = PBXFileReference; lastKnownFileType = wrapper.framework; name = CoreData.framework; path = Library/Frameworks/CoreData.framework; sourceTree = SDKROOT; };
		349A22291622168D001D254C /* Foundation.framework */ = {isa = PBXFileReference; lastKnownFileType = wrapper.framework; name = Foundation.framework; path = Library/Frameworks/Foundation.framework; sourceTree = SDKROOT; };
		349A22351622168D001D254C /* FMSwizzler_osxTests.octest */ = {isa = PBXFileReference; explicitFileType = wrapper.cfbundle; includeInIndex = 0; path = FMSwizzler_osxTests.octest; sourceTree = BUILT_PRODUCTS_DIR; };
		349A223D1622168D001D254C /* FMSSwizzler_osxTests-Info.plist */ = {isa = PBXFileReference; lastKnownFileType = text.plist.xml; name = "FMSSwizzler_osxTests-Info.plist"; path = "FMSwizzler_tests_universal/FMSSwizzler_osxTests-Info.plist"; sourceTree = SOURCE_ROOT; };
		349A223F1622168D001D254C /* en */ = {isa = PBXFileReference; lastKnownFileType = text.plist.strings; name = en; path = en.lproj/InfoPlist.strings; sourceTree = "<group>"; };
		349A22411622168D001D254C /* PseudoPropertyTests.h */ = {isa = PBXFileReference; lastKnownFileType = sourcecode.c.h; name = PseudoPropertyTests.h; path = FMSwizzler_tests_universal/PseudoPropertyTests.h; sourceTree = SOURCE_ROOT; };
		349A22421622168D001D254C /* PseudoPropertyTests.m */ = {isa = PBXFileReference; lastKnownFileType = sourcecode.c.objc; name = PseudoPropertyTests.m; path = FMSwizzler_tests_universal/PseudoPropertyTests.m; sourceTree = SOURCE_ROOT; };
		349A224B16221BD9001D254C /* Person.h */ = {isa = PBXFileReference; fileEncoding = 4; lastKnownFileType = sourcecode.c.h; name = Person.h; path = FMSwizzler_tests_universal/Person.h; sourceTree = SOURCE_ROOT; };
		349A224C16221BD9001D254C /* Person.m */ = {isa = PBXFileReference; fileEncoding = 4; lastKnownFileType = sourcecode.c.objc; name = Person.m; path = FMSwizzler_tests_universal/Person.m; sourceTree = SOURCE_ROOT; };
		349A2250162236BC001D254C /* MonitorableObject.h */ = {isa = PBXFileReference; fileEncoding = 4; lastKnownFileType = sourcecode.c.h; name = MonitorableObject.h; path = FMSwizzler_tests_universal/MonitorableObject.h; sourceTree = SOURCE_ROOT; };
		349A2251162236BC001D254C /* MonitorableObject.m */ = {isa = PBXFileReference; fileEncoding = 4; lastKnownFileType = sourcecode.c.objc; name = MonitorableObject.m; path = FMSwizzler_tests_universal/MonitorableObject.m; sourceTree = SOURCE_ROOT; };
		34FA0173162674DF00DDC51A /* LICENSE.txt */ = {isa = PBXFileReference; fileEncoding = 4; lastKnownFileType = text; path = LICENSE.txt; sourceTree = SOURCE_ROOT; };
		34FA0174162674DF00DDC51A /* README.txt */ = {isa = PBXFileReference; fileEncoding = 4; lastKnownFileType = text; path = README.txt; sourceTree = SOURCE_ROOT; };
/* End PBXFileReference section */

/* Begin PBXFrameworksBuildPhase section */
		349A21E01622152D001D254C /* Frameworks */ = {
			isa = PBXFrameworksBuildPhase;
			buildActionMask = 2147483647;
			files = (
				349A21E71622152D001D254C /* Foundation.framework in Frameworks */,
			);
			runOnlyForDeploymentPostprocessing = 0;
		};
		349A21F01622152D001D254C /* Frameworks */ = {
			isa = PBXFrameworksBuildPhase;
			buildActionMask = 2147483647;
			files = (
				349A21F61622152D001D254C /* SenTestingKit.framework in Frameworks */,
				349A21F81622152D001D254C /* UIKit.framework in Frameworks */,
				349A21F91622152D001D254C /* Foundation.framework in Frameworks */,
				349A21FC1622152D001D254C /* libFMSSwizzler_ios.a in Frameworks */,
			);
			runOnlyForDeploymentPostprocessing = 0;
		};
		349A22201622168D001D254C /* Frameworks */ = {
			isa = PBXFrameworksBuildPhase;
			buildActionMask = 2147483647;
			files = (
				349A22251622168D001D254C /* Cocoa.framework in Frameworks */,
			);
			runOnlyForDeploymentPostprocessing = 0;
		};
		349A22311622168D001D254C /* Frameworks */ = {
			isa = PBXFrameworksBuildPhase;
			buildActionMask = 2147483647;
			files = (
				349A22361622168D001D254C /* SenTestingKit.framework in Frameworks */,
				349A22371622168D001D254C /* Cocoa.framework in Frameworks */,
				349A223A1622168D001D254C /* libFMSwizzler_osx.a in Frameworks */,
			);
			runOnlyForDeploymentPostprocessing = 0;
		};
/* End PBXFrameworksBuildPhase section */

/* Begin PBXGroup section */
		349A21D81622152D001D254C = {
			isa = PBXGroup;
			children = (
				349A21E81622152D001D254C /* FMSSwizzler */,
				349A223B1622168D001D254C /* FMSwizzler_tests_universal */,
				349A21E51622152D001D254C /* Frameworks */,
				349A21E41622152D001D254C /* Products */,
			);
			sourceTree = "<group>";
		};
		349A21E41622152D001D254C /* Products */ = {
			isa = PBXGroup;
			children = (
				349A21E31622152D001D254C /* libFMSSwizzler_ios.a */,
				349A21F41622152D001D254C /* FMSSwizzler_iosTests.octest */,
				349A22231622168D001D254C /* libFMSwizzler_osx.a */,
				349A22351622168D001D254C /* FMSwizzler_osxTests.octest */,
			);
			name = Products;
			sourceTree = "<group>";
		};
		349A21E51622152D001D254C /* Frameworks */ = {
			isa = PBXGroup;
			children = (
				349A21E61622152D001D254C /* Foundation.framework */,
				349A21F51622152D001D254C /* SenTestingKit.framework */,
				349A21F71622152D001D254C /* UIKit.framework */,
				349A22241622168D001D254C /* Cocoa.framework */,
				349A22261622168D001D254C /* Other Frameworks */,
			);
			name = Frameworks;
			sourceTree = "<group>";
		};
		349A21E81622152D001D254C /* FMSSwizzler */ = {
			isa = PBXGroup;
			children = (
				349A220E16221546001D254C /* NSObject+FMSSwizzler.h */,
				349A220F16221546001D254C /* NSObject+FMSSwizzler.m */,
				349A21E91622152D001D254C /* Supporting Files */,
			);
			path = FMSSwizzler;
			sourceTree = "<group>";
		};
		349A21E91622152D001D254C /* Supporting Files */ = {
			isa = PBXGroup;
			children = (
				349A21EA1622152D001D254C /* FMSSwizzler-Prefix.pch */,
			);
			name = "Supporting Files";
			sourceTree = "<group>";
		};
		349A22261622168D001D254C /* Other Frameworks */ = {
			isa = PBXGroup;
			children = (
				349A22271622168D001D254C /* AppKit.framework */,
				349A22281622168D001D254C /* CoreData.framework */,
				349A22291622168D001D254C /* Foundation.framework */,
			);
			name = "Other Frameworks";
			sourceTree = "<group>";
		};
		349A223B1622168D001D254C /* FMSwizzler_tests_universal */ = {
			isa = PBXGroup;
			children = (
				349A22411622168D001D254C /* PseudoPropertyTests.h */,
				349A22421622168D001D254C /* PseudoPropertyTests.m */,
				347286A01623594B009EFA98 /* AliasMethodTests.h */,
				347286A11623594B009EFA98 /* AliasMethodTests.m */,
				34387FAC1623B522002941B8 /* ReplaceMethodTests.h */,
				34387FAD1623B522002941B8 /* ReplaceMethodTests.m */,
				34387FB11624B174002941B8 /* OverrideMethodTests.h */,
				34387FB21624B174002941B8 /* OverrideMethodTests.m */,
				34387FB51624C0B7002941B8 /* DynamicSubclassingTests.h */,
				34387FB61624C0B7002941B8 /* DynamicSubclassingTests.m */,
				349A223C1622168D001D254C /* Supporting Files */,
				349A225F1622917C001D254C /* TestFiles */,
			);
			name = FMSwizzler_tests_universal;
			path = FMSwizzler_osxTests;
			sourceTree = "<group>";
		};
		349A223C1622168D001D254C /* Supporting Files */ = {
			isa = PBXGroup;
			children = (
				34FA0173162674DF00DDC51A /* LICENSE.txt */,
				34FA0174162674DF00DDC51A /* README.txt */,
				34716288162626B000BE8B70 /* doxygen.config */,
				347162861626269600BE8B70 /* DoxygenDocs.docset */,
				3472869E16229635009EFA98 /* FMSSwizzler_iosTests-Info.plist */,
				349A223D1622168D001D254C /* FMSSwizzler_osxTests-Info.plist */,
				349A223E1622168D001D254C /* InfoPlist.strings */,
			);
			name = "Supporting Files";
			sourceTree = "<group>";
		};
		349A225F1622917C001D254C /* TestFiles */ = {
			isa = PBXGroup;
			children = (
				349A224B16221BD9001D254C /* Person.h */,
				349A224C16221BD9001D254C /* Person.m */,
				349A2250162236BC001D254C /* MonitorableObject.h */,
				349A2251162236BC001D254C /* MonitorableObject.m */,
			);
			name = TestFiles;
			sourceTree = "<group>";
		};
/* End PBXGroup section */

/* Begin PBXNativeTarget section */
		349A21E21622152D001D254C /* FMSSwizzler_ios */ = {
			isa = PBXNativeTarget;
			buildConfigurationList = 349A22081622152D001D254C /* Build configuration list for PBXNativeTarget "FMSSwizzler_ios" */;
			buildPhases = (
				349A21DF1622152D001D254C /* Sources */,
				349A21E01622152D001D254C /* Frameworks */,
				349A21E11622152D001D254C /* CopyFiles */,
				347162601626144D00BE8B70 /* ShellScript */,
			);
			buildRules = (
			);
			dependencies = (
			);
			name = FMSSwizzler_ios;
			productName = FMSSwizzler;
			productReference = 349A21E31622152D001D254C /* libFMSSwizzler_ios.a */;
			productType = "com.apple.product-type.library.static";
		};
		349A21F31622152D001D254C /* FMSSwizzler_iosTests */ = {
			isa = PBXNativeTarget;
			buildConfigurationList = 349A220B1622152D001D254C /* Build configuration list for PBXNativeTarget "FMSSwizzler_iosTests" */;
			buildPhases = (
				349A21EF1622152D001D254C /* Sources */,
				349A21F01622152D001D254C /* Frameworks */,
				349A21F11622152D001D254C /* Resources */,
				349A21F21622152D001D254C /* ShellScript */,
			);
			buildRules = (
			);
			dependencies = (
				349A21FB1622152D001D254C /* PBXTargetDependency */,
			);
			name = FMSSwizzler_iosTests;
			productName = FMSSwizzlerTests;
			productReference = 349A21F41622152D001D254C /* FMSSwizzler_iosTests.octest */;
			productType = "com.apple.product-type.bundle";
		};
		349A22221622168D001D254C /* FMSwizzler_osx */ = {
			isa = PBXNativeTarget;
			buildConfigurationList = 349A22441622168D001D254C /* Build configuration list for PBXNativeTarget "FMSwizzler_osx" */;
			buildPhases = (
				349A221F1622168D001D254C /* Sources */,
				349A22201622168D001D254C /* Frameworks */,
				34716269162614E800BE8B70 /* ShellScript */,
				3495FE7518712C79004159A4 /* CopyFiles */,
			);
			buildRules = (
			);
			dependencies = (
			);
			name = FMSwizzler_osx;
			productName = FMSwizzler_osx;
			productReference = 349A22231622168D001D254C /* libFMSwizzler_osx.a */;
			productType = "com.apple.product-type.library.static";
		};
		349A22341622168D001D254C /* FMSwizzler_osxTests */ = {
			isa = PBXNativeTarget;
			buildConfigurationList = 349A22471622168D001D254C /* Build configuration list for PBXNativeTarget "FMSwizzler_osxTests" */;
			buildPhases = (
				349A22301622168D001D254C /* Sources */,
				349A22311622168D001D254C /* Frameworks */,
				349A22321622168D001D254C /* Resources */,
				349A22331622168D001D254C /* ShellScript */,
			);
			buildRules = (
			);
			dependencies = (
				349A22391622168D001D254C /* PBXTargetDependency */,
			);
			name = FMSwizzler_osxTests;
			productName = FMSwizzler_osxTests;
			productReference = 349A22351622168D001D254C /* FMSwizzler_osxTests.octest */;
			productType = "com.apple.product-type.bundle";
		};
/* End PBXNativeTarget section */

/* Begin PBXProject section */
		349A21DA1622152D001D254C /* Project object */ = {
			isa = PBXProject;
			attributes = {
				LastTestingUpgradeCheck = 0510;
				LastUpgradeCheck = 0510;
				ORGANIZATIONNAME = "Rich Warren";
			};
			buildConfigurationList = 349A21DD1622152D001D254C /* Build configuration list for PBXProject "FMSSwizzler" */;
			compatibilityVersion = "Xcode 3.2";
			developmentRegion = English;
			hasScannedForEncodings = 0;
			knownRegions = (
				en,
			);
			mainGroup = 349A21D81622152D001D254C;
			productRefGroup = 349A21E41622152D001D254C /* Products */;
			projectDirPath = "";
			projectRoot = "";
			targets = (
				349A21E21622152D001D254C /* FMSSwizzler_ios */,
				349A21F31622152D001D254C /* FMSSwizzler_iosTests */,
				349A22221622168D001D254C /* FMSwizzler_osx */,
				349A22341622168D001D254C /* FMSwizzler_osxTests */,
			);
		};
/* End PBXProject section */

/* Begin PBXResourcesBuildPhase section */
		349A21F11622152D001D254C /* Resources */ = {
			isa = PBXResourcesBuildPhase;
			buildActionMask = 2147483647;
			files = (
				349A226816229547001D254C /* InfoPlist.strings in Resources */,
			);
			runOnlyForDeploymentPostprocessing = 0;
		};
		349A22321622168D001D254C /* Resources */ = {
			isa = PBXResourcesBuildPhase;
			buildActionMask = 2147483647;
			files = (
				3472869F16229669009EFA98 /* InfoPlist.strings in Resources */,
			);
			runOnlyForDeploymentPostprocessing = 0;
		};
/* End PBXResourcesBuildPhase section */

/* Begin PBXShellScriptBuildPhase section */
		347162601626144D00BE8B70 /* ShellScript */ = {
			isa = PBXShellScriptBuildPhase;
			buildActionMask = 2147483647;
			files = (
			);
			inputPaths = (
			);
			outputPaths = (
			);
			runOnlyForDeploymentPostprocessing = 0;
			shellPath = /bin/sh;
			shellScript = "#  Build the doxygen documentation for the project and load the docset into Xcode.\n\n#  Use the following to adjust the value of the $DOXYGEN_PATH User-Defined Setting:\n#    Binary install location: /Applications/Doxygen.app/Contents/Resources/doxygen\n#    Source build install location: /usr/local/bin/doxygen\n\n# cancel if $DOXYGEN_PATH does not exist\necho Checking the doxygen path\nif [ -z \"$DOXYGEN_PATH\" ]\nthen\necho You need to set '$DOXYGEN_PATH' in the Build Settings.\nexit 0\nfi\n\n# Cancel if $DOXYGEN_PATH does not point to a valid file\nif ! [ -f $DOXYGEN_PATH ]\nthen\necho Doxygen not found at $DOXYGEN_PATH\necho You may need to install doxygen and set '$DOXYGEN_PATH' to build the docset\nexit 0\nfi\n\n\n#  If the config file doesn't exist, run 'doxygen -g $SOURCE_ROOT/doxygen.config' to\n#   a get default file.\n\nif ! [ -f $SOURCE_ROOT/doxygen.config ]\nthen\necho doxygen config file does not exist\n$DOXYGEN_PATH -g $SOURCE_ROOT/doxygen.config\nfi\n\n#  Append the proper input/output directories and docset info to the config file.\n#  This works even though values are assigned higher up in the file. Easier than sed.\n\ncp $SOURCE_ROOT/doxygen.config $TEMP_DIR/doxygen.config\n\necho \"INPUT = $SOURCE_ROOT/FMSSwizzler\" >> $TEMP_DIR/doxygen.config\necho \"OUTPUT_DIRECTORY = $SOURCE_ROOT/DoxygenDocs.docset\" >> $TEMP_DIR/doxygen.config\necho \"GENERATE_DOCSET        = YES\" >> $TEMP_DIR/doxygen.config\necho \"DOCSET_BUNDLE_ID       = com.freelancemadscience.FMSSwizzler\" >> $TEMP_DIR/doxygen.config\n\n#  Run doxygen on the updated config file.\n#  Note: doxygen creates a Makefile that does most of the heavy lifting.\n\n$DOXYGEN_PATH $TEMP_DIR/doxygen.config\n\n#  make will invoke docsetutil. Take a look at the Makefile to see how this is done.\n\nmake -C $SOURCE_ROOT/DoxygenDocs.docset/html install\n\nexit 0";
		};
		34716269162614E800BE8B70 /* ShellScript */ = {
			isa = PBXShellScriptBuildPhase;
			buildActionMask = 2147483647;
			files = (
			);
			inputPaths = (
			);
			outputPaths = (
			);
			runOnlyForDeploymentPostprocessing = 0;
			shellPath = /bin/sh;
			shellScript = "#  Build the doxygen documentation for the project and load the docset into Xcode.\n\n#  Use the following to adjust the value of the $DOXYGEN_PATH User-Defined Setting:\n#    Binary install location: /Applications/Doxygen.app/Contents/Resources/doxygen\n#    Source build install location: /usr/local/bin/doxygen\n\n# cancel if $DOXYGEN_PATH does not exist\necho Checking the doxygen path\nif [ -z \"$DOXYGEN_PATH\" ]\nthen\necho You need to set '$DOXYGEN_PATH' in the Build Settings.\nexit 0\nfi\n\n# Cancel if $DOXYGEN_PATH does not point to a valid file\nif ! [ -f $DOXYGEN_PATH ]\nthen\necho Doxygen not found at $DOXYGEN_PATH.\necho You may need to install doxygen and set '$DOXYGEN_PATH' to build the docset.\nexit 0\nfi\n\n#  If the config file doesn't exist, run 'doxygen -g $SOURCE_ROOT/doxygen.config' to\n#   a get default file.\necho checking config file\nif ! [ -f $SOURCE_ROOT/doxygen.config ]\nthen\necho doxygen config file does not exist\n$DOXYGEN_PATH -g $SOURCE_ROOT/doxygen.config\nfi\n\n#  Append the proper input/output directories and docset info to the config file.\n#  This works even though values are assigned higher up in the file. Easier than sed.\n\necho copying config file\ncp $SOURCE_ROOT/doxygen.config $TEMP_DIR/doxygen.config\n\necho \"INPUT = $SOURCE_ROOT/FMSSwizzler\" >> $TEMP_DIR/doxygen.config\necho \"OUTPUT_DIRECTORY = $SOURCE_ROOT/DoxygenDocs.docset\" >> $TEMP_DIR/doxygen.config\necho \"GENERATE_DOCSET        = YES\" >> $TEMP_DIR/doxygen.config\necho \"DOCSET_BUNDLE_ID       = com.freelancemadscience.FMSSwizzler\" >> $TEMP_DIR/doxygen.config\n\n#  Run doxygen on the updated config file.\n#  Note: doxygen creates a Makefile that does most of the heavy lifting.\necho run doxygen\n$DOXYGEN_PATH $TEMP_DIR/doxygen.config\n\n#  make will invoke docsetutil. Take a look at the Makefile to see how this is done.\n\nmake -C $SOURCE_ROOT/DoxygenDocs.docset/html install\n\nexit 0";
		};
		349A21F21622152D001D254C /* ShellScript */ = {
			isa = PBXShellScriptBuildPhase;
			buildActionMask = 2147483647;
			files = (
			);
			inputPaths = (
			);
			outputPaths = (
			);
			runOnlyForDeploymentPostprocessing = 0;
			shellPath = /bin/sh;
			shellScript = "# Run the unit tests in this test bundle.\n\"${SYSTEM_DEVELOPER_DIR}/Tools/RunUnitTests\"\n";
		};
		349A22331622168D001D254C /* ShellScript */ = {
			isa = PBXShellScriptBuildPhase;
			buildActionMask = 2147483647;
			files = (
			);
			inputPaths = (
			);
			outputPaths = (
			);
			runOnlyForDeploymentPostprocessing = 0;
			shellPath = /bin/sh;
			shellScript = "# Run the unit tests in this test bundle.\n\"${SYSTEM_DEVELOPER_DIR}/Tools/RunUnitTests\"\n";
		};
/* End PBXShellScriptBuildPhase section */

/* Begin PBXSourcesBuildPhase section */
		349A21DF1622152D001D254C /* Sources */ = {
			isa = PBXSourcesBuildPhase;
			buildActionMask = 2147483647;
			files = (
				349A221016221546001D254C /* NSObject+FMSSwizzler.m in Sources */,
			);
			runOnlyForDeploymentPostprocessing = 0;
		};
		349A21EF1622152D001D254C /* Sources */ = {
			isa = PBXSourcesBuildPhase;
			buildActionMask = 2147483647;
			files = (
				349A225B16228EFF001D254C /* PseudoPropertyTests.m in Sources */,
				349A225C16228F52001D254C /* NSObject+FMSSwizzler.m in Sources */,
				349A2260162293D1001D254C /* Person.m in Sources */,
				349A2262162293D5001D254C /* MonitorableObject.m in Sources */,
				347286A21623594B009EFA98 /* AliasMethodTests.m in Sources */,
				34387FAE1623B522002941B8 /* ReplaceMethodTests.m in Sources */,
				34387FB31624B174002941B8 /* OverrideMethodTests.m in Sources */,
				34387FB71624C0B7002941B8 /* DynamicSubclassingTests.m in Sources */,
			);
			runOnlyForDeploymentPostprocessing = 0;
		};
		349A221F1622168D001D254C /* Sources */ = {
			isa = PBXSourcesBuildPhase;
			buildActionMask = 2147483647;
			files = (
				349A224A162216B3001D254C /* NSObject+FMSSwizzler.m in Sources */,
			);
			runOnlyForDeploymentPostprocessing = 0;
		};
		349A22301622168D001D254C /* Sources */ = {
			isa = PBXSourcesBuildPhase;
			buildActionMask = 2147483647;
			files = (
				349A22431622168D001D254C /* PseudoPropertyTests.m in Sources */,
				349A224F1622243C001D254C /* NSObject+FMSSwizzler.m in Sources */,
				349A2261162293D2001D254C /* Person.m in Sources */,
				349A2263162293D6001D254C /* MonitorableObject.m in Sources */,
				347286A31623594B009EFA98 /* AliasMethodTests.m in Sources */,
				34387FAF1623B522002941B8 /* ReplaceMethodTests.m in Sources */,
				34387FB41624B174002941B8 /* OverrideMethodTests.m in Sources */,
				34387FB81624C0B7002941B8 /* DynamicSubclassingTests.m in Sources */,
			);
			runOnlyForDeploymentPostprocessing = 0;
		};
/* End PBXSourcesBuildPhase section */

/* Begin PBXTargetDependency section */
		349A21FB1622152D001D254C /* PBXTargetDependency */ = {
			isa = PBXTargetDependency;
			target = 349A21E21622152D001D254C /* FMSSwizzler_ios */;
			targetProxy = 349A21FA1622152D001D254C /* PBXContainerItemProxy */;
		};
		349A22391622168D001D254C /* PBXTargetDependency */ = {
			isa = PBXTargetDependency;
			target = 349A22221622168D001D254C /* FMSwizzler_osx */;
			targetProxy = 349A22381622168D001D254C /* PBXContainerItemProxy */;
		};
/* End PBXTargetDependency section */

/* Begin PBXVariantGroup section */
		349A223E1622168D001D254C /* InfoPlist.strings */ = {
			isa = PBXVariantGroup;
			children = (
				349A223F1622168D001D254C /* en */,
			);
			name = InfoPlist.strings;
			path = FMSwizzler_tests_universal;
			sourceTree = SOURCE_ROOT;
		};
/* End PBXVariantGroup section */

/* Begin XCBuildConfiguration section */
		349A22061622152D001D254C /* Debug */ = {
			isa = XCBuildConfiguration;
			buildSettings = {
				ALWAYS_SEARCH_USER_PATHS = NO;
				CLANG_CXX_LANGUAGE_STANDARD = "gnu++0x";
				CLANG_CXX_LIBRARY = "libc++";
				CLANG_ENABLE_OBJC_ARC = YES;
				CLANG_WARN_EMPTY_BODY = YES;
				CLANG_WARN__DUPLICATE_METHOD_MATCH = YES;
				COPY_PHASE_STRIP = NO;
				GCC_C_LANGUAGE_STANDARD = gnu99;
				GCC_DYNAMIC_NO_PIC = NO;
				GCC_OPTIMIZATION_LEVEL = 0;
				GCC_PREPROCESSOR_DEFINITIONS = (
					"DEBUG=1",
					"$(inherited)",
				);
				GCC_SYMBOLS_PRIVATE_EXTERN = NO;
				GCC_WARN_ABOUT_RETURN_TYPE = YES;
				GCC_WARN_UNINITIALIZED_AUTOS = YES;
				GCC_WARN_UNUSED_VARIABLE = YES;
				IPHONEOS_DEPLOYMENT_TARGET = 7.0;
				MACOSX_DEPLOYMENT_TARGET = 10.9;
				ONLY_ACTIVE_ARCH = NO;
				SDKROOT = iphoneos;
				SKIP_INSTALL = YES;
			};
			name = Debug;
		};
		349A22071622152D001D254C /* Release */ = {
			isa = XCBuildConfiguration;
			buildSettings = {
				ALWAYS_SEARCH_USER_PATHS = NO;
				CLANG_CXX_LANGUAGE_STANDARD = "gnu++0x";
				CLANG_CXX_LIBRARY = "libc++";
				CLANG_ENABLE_OBJC_ARC = YES;
				CLANG_WARN_EMPTY_BODY = YES;
				CLANG_WARN__DUPLICATE_METHOD_MATCH = YES;
				COPY_PHASE_STRIP = YES;
				GCC_C_LANGUAGE_STANDARD = gnu99;
				GCC_WARN_ABOUT_RETURN_TYPE = YES;
				GCC_WARN_UNINITIALIZED_AUTOS = YES;
				GCC_WARN_UNUSED_VARIABLE = YES;
				IPHONEOS_DEPLOYMENT_TARGET = 7.0;
				MACOSX_DEPLOYMENT_TARGET = 10.9;
				SDKROOT = iphoneos;
				SKIP_INSTALL = YES;
				VALIDATE_PRODUCT = YES;
			};
			name = Release;
		};
		349A22091622152D001D254C /* Debug */ = {
			isa = XCBuildConfiguration;
			buildSettings = {
				CLANG_ANALYZER_SECURITY_FLOATLOOPCOUNTER = YES;
				CLANG_ANALYZER_SECURITY_INSECUREAPI_RAND = YES;
				CLANG_ANALYZER_SECURITY_INSECUREAPI_STRCPY = YES;
				CLANG_STATIC_ANALYZER_MODE = deep;
				CLANG_WARN_DEPRECATED_OBJC_IMPLEMENTATIONS = YES;
				CLANG_WARN_DOCUMENTATION_COMMENTS = YES;
				CLANG_WARN_IMPLICIT_SIGN_CONVERSION = YES;
				CLANG_WARN_OBJC_EXPLICIT_OWNERSHIP_TYPE = YES;
				CLANG_WARN_OBJC_IMPLICIT_ATOMIC_PROPERTIES = YES;
				CLANG_WARN_OBJC_IMPLICIT_RETAIN_SELF = YES;
				CLANG_WARN_SUSPICIOUS_IMPLICIT_CONVERSION = YES;
				DOXYGEN_PATH = /usr/local/bin/doxygen;
				DSTROOT = /tmp/FMSSwizzler.dst;
				GCC_PRECOMPILE_PREFIX_HEADER = YES;
				GCC_PREFIX_HEADER = "FMSSwizzler/FMSSwizzler-Prefix.pch";
				GCC_TREAT_IMPLICIT_FUNCTION_DECLARATIONS_AS_ERRORS = YES;
				GCC_TREAT_INCOMPATIBLE_POINTER_TYPE_WARNINGS_AS_ERRORS = YES;
				GCC_TREAT_WARNINGS_AS_ERRORS = YES;
				GCC_WARN_64_TO_32_BIT_CONVERSION = YES;
				GCC_WARN_ABOUT_MISSING_FIELD_INITIALIZERS = YES;
				GCC_WARN_ABOUT_MISSING_NEWLINE = YES;
				GCC_WARN_ABOUT_MISSING_PROTOTYPES = YES;
				GCC_WARN_FOUR_CHARACTER_CONSTANTS = YES;
				GCC_WARN_INITIALIZER_NOT_FULLY_BRACKETED = YES;
				GCC_WARN_SHADOW = YES;
				GCC_WARN_SIGN_COMPARE = YES;
				GCC_WARN_STRICT_SELECTOR_MATCH = NO;
				GCC_WARN_UNDECLARED_SELECTOR = YES;
				GCC_WARN_UNKNOWN_PRAGMAS = YES;
				GCC_WARN_UNUSED_FUNCTION = YES;
				GCC_WARN_UNUSED_LABEL = YES;
				GCC_WARN_UNUSED_PARAMETER = YES;
				ONLY_ACTIVE_ARCH = YES;
				OTHER_LDFLAGS = "-ObjC";
				PRODUCT_NAME = "$(TARGET_NAME)";
				PUBLIC_HEADERS_FOLDER_PATH = /include/FMSSwizzler;
				RUN_CLANG_STATIC_ANALYZER = YES;
			};
			name = Debug;
		};
		349A220A1622152D001D254C /* Release */ = {
			isa = XCBuildConfiguration;
			buildSettings = {
				CLANG_ANALYZER_SECURITY_FLOATLOOPCOUNTER = YES;
				CLANG_ANALYZER_SECURITY_INSECUREAPI_RAND = YES;
				CLANG_ANALYZER_SECURITY_INSECUREAPI_STRCPY = YES;
				CLANG_STATIC_ANALYZER_MODE = deep;
				CLANG_WARN_DEPRECATED_OBJC_IMPLEMENTATIONS = YES;
				CLANG_WARN_DOCUMENTATION_COMMENTS = YES;
				CLANG_WARN_IMPLICIT_SIGN_CONVERSION = YES;
				CLANG_WARN_OBJC_EXPLICIT_OWNERSHIP_TYPE = YES;
				CLANG_WARN_OBJC_IMPLICIT_ATOMIC_PROPERTIES = YES;
				CLANG_WARN_OBJC_IMPLICIT_RETAIN_SELF = YES;
				CLANG_WARN_SUSPICIOUS_IMPLICIT_CONVERSION = YES;
				DOXYGEN_PATH = /usr/local/bin/doxygen;
				DSTROOT = /tmp/FMSSwizzler.dst;
				GCC_PRECOMPILE_PREFIX_HEADER = YES;
				GCC_PREFIX_HEADER = "FMSSwizzler/FMSSwizzler-Prefix.pch";
				GCC_TREAT_IMPLICIT_FUNCTION_DECLARATIONS_AS_ERRORS = YES;
				GCC_TREAT_INCOMPATIBLE_POINTER_TYPE_WARNINGS_AS_ERRORS = YES;
				GCC_TREAT_WARNINGS_AS_ERRORS = YES;
				GCC_WARN_64_TO_32_BIT_CONVERSION = YES;
				GCC_WARN_ABOUT_MISSING_FIELD_INITIALIZERS = YES;
				GCC_WARN_ABOUT_MISSING_NEWLINE = YES;
				GCC_WARN_ABOUT_MISSING_PROTOTYPES = YES;
				GCC_WARN_FOUR_CHARACTER_CONSTANTS = YES;
				GCC_WARN_INITIALIZER_NOT_FULLY_BRACKETED = YES;
				GCC_WARN_SHADOW = YES;
				GCC_WARN_SIGN_COMPARE = YES;
				GCC_WARN_STRICT_SELECTOR_MATCH = NO;
				GCC_WARN_UNDECLARED_SELECTOR = YES;
				GCC_WARN_UNKNOWN_PRAGMAS = YES;
				GCC_WARN_UNUSED_FUNCTION = YES;
				GCC_WARN_UNUSED_LABEL = YES;
				GCC_WARN_UNUSED_PARAMETER = YES;
				OTHER_LDFLAGS = "-ObjC";
				PRODUCT_NAME = "$(TARGET_NAME)";
				PUBLIC_HEADERS_FOLDER_PATH = /include/FMSSwizzler;
				RUN_CLANG_STATIC_ANALYZER = YES;
			};
			name = Release;
		};
		349A220C1622152D001D254C /* Debug */ = {
			isa = XCBuildConfiguration;
			buildSettings = {
				FRAMEWORK_SEARCH_PATHS = (
					"\"$(SDKROOT)/Developer/Library/Frameworks\"",
					"\"$(DEVELOPER_LIBRARY_DIR)/Frameworks\"",
				);
				GCC_PRECOMPILE_PREFIX_HEADER = YES;
				GCC_PREFIX_HEADER = "FMSSwizzler/FMSSwizzler-Prefix.pch";
				INFOPLIST_FILE = "FMSwizzler_tests_universal/FMSSwizzler_iosTests-Info.plist";
				PRODUCT_NAME = "$(TARGET_NAME)";
				WRAPPER_EXTENSION = octest;
			};
			name = Debug;
		};
		349A220D1622152D001D254C /* Release */ = {
			isa = XCBuildConfiguration;
			buildSettings = {
				FRAMEWORK_SEARCH_PATHS = (
					"\"$(SDKROOT)/Developer/Library/Frameworks\"",
					"\"$(DEVELOPER_LIBRARY_DIR)/Frameworks\"",
				);
				GCC_PRECOMPILE_PREFIX_HEADER = YES;
				GCC_PREFIX_HEADER = "FMSSwizzler/FMSSwizzler-Prefix.pch";
				INFOPLIST_FILE = "FMSwizzler_tests_universal/FMSSwizzler_iosTests-Info.plist";
				PRODUCT_NAME = "$(TARGET_NAME)";
				WRAPPER_EXTENSION = octest;
			};
			name = Release;
		};
		349A22451622168D001D254C /* Debug */ = {
			isa = XCBuildConfiguration;
			buildSettings = {
				CLANG_ANALYZER_SECURITY_FLOATLOOPCOUNTER = YES;
				CLANG_ANALYZER_SECURITY_INSECUREAPI_RAND = YES;
				CLANG_ANALYZER_SECURITY_INSECUREAPI_STRCPY = YES;
				CLANG_STATIC_ANALYZER_MODE = deep;
				CLANG_WARN_BOOL_CONVERSION = YES;
				CLANG_WARN_CONSTANT_CONVERSION = YES;
				CLANG_WARN_DEPRECATED_OBJC_IMPLEMENTATIONS = YES;
				CLANG_WARN_DOCUMENTATION_COMMENTS = YES;
				CLANG_WARN_ENUM_CONVERSION = YES;
				CLANG_WARN_IMPLICIT_SIGN_CONVERSION = YES;
				CLANG_WARN_INT_CONVERSION = YES;
				CLANG_WARN_OBJC_EXPLICIT_OWNERSHIP_TYPE = YES;
				CLANG_WARN_OBJC_IMPLICIT_ATOMIC_PROPERTIES = YES;
				CLANG_WARN_OBJC_IMPLICIT_RETAIN_SELF = YES;
				CLANG_WARN_SUSPICIOUS_IMPLICIT_CONVERSION = YES;
				DOXYGEN_PATH = /usr/local/bin/doxygen;
				FRAMEWORK_SEARCH_PATHS = (
					"$(inherited)",
					"\"$(SYSTEM_APPS_DIR)/Xcode.app/Contents/Developer/Library/Frameworks\"",
				);
				GCC_ENABLE_OBJC_EXCEPTIONS = YES;
				GCC_PRECOMPILE_PREFIX_HEADER = YES;
				GCC_PREFIX_HEADER = "FMSSwizzler/FMSSwizzler-Prefix.pch";
				GCC_TREAT_WARNINGS_AS_ERRORS = YES;
				GCC_WARN_64_TO_32_BIT_CONVERSION = YES;
				GCC_WARN_ABOUT_MISSING_FIELD_INITIALIZERS = YES;
				GCC_WARN_ABOUT_MISSING_NEWLINE = YES;
				GCC_WARN_ABOUT_MISSING_PROTOTYPES = YES;
				GCC_WARN_FOUR_CHARACTER_CONSTANTS = YES;
				GCC_WARN_INITIALIZER_NOT_FULLY_BRACKETED = YES;
				GCC_WARN_SHADOW = YES;
				GCC_WARN_SIGN_COMPARE = YES;
				GCC_WARN_UNDECLARED_SELECTOR = YES;
				GCC_WARN_UNKNOWN_PRAGMAS = YES;
				GCC_WARN_UNUSED_FUNCTION = YES;
				GCC_WARN_UNUSED_LABEL = YES;
				GCC_WARN_UNUSED_PARAMETER = YES;
				MACOSX_DEPLOYMENT_TARGET = 10.9;
				ONLY_ACTIVE_ARCH = YES;
				OTHER_LDFLAGS = "-all_load";
				PRODUCT_NAME = "$(TARGET_NAME)";
				PUBLIC_HEADERS_FOLDER_PATH = /usr/local/include/FMSSwizzler;
				RUN_CLANG_STATIC_ANALYZER = YES;
				SDKROOT = macosx;
			};
			name = Debug;
		};
		349A22461622168D001D254C /* Release */ = {
			isa = XCBuildConfiguration;
			buildSettings = {
				CLANG_ANALYZER_SECURITY_FLOATLOOPCOUNTER = YES;
				CLANG_ANALYZER_SECURITY_INSECUREAPI_RAND = YES;
				CLANG_ANALYZER_SECURITY_INSECUREAPI_STRCPY = YES;
				CLANG_STATIC_ANALYZER_MODE = deep;
				CLANG_WARN_BOOL_CONVERSION = YES;
				CLANG_WARN_CONSTANT_CONVERSION = YES;
				CLANG_WARN_DEPRECATED_OBJC_IMPLEMENTATIONS = YES;
				CLANG_WARN_DOCUMENTATION_COMMENTS = YES;
				CLANG_WARN_ENUM_CONVERSION = YES;
				CLANG_WARN_IMPLICIT_SIGN_CONVERSION = YES;
				CLANG_WARN_INT_CONVERSION = YES;
				CLANG_WARN_OBJC_EXPLICIT_OWNERSHIP_TYPE = YES;
				CLANG_WARN_OBJC_IMPLICIT_ATOMIC_PROPERTIES = YES;
				CLANG_WARN_OBJC_IMPLICIT_RETAIN_SELF = YES;
				CLANG_WARN_SUSPICIOUS_IMPLICIT_CONVERSION = YES;
				DEBUG_INFORMATION_FORMAT = "dwarf-with-dsym";
				DOXYGEN_PATH = /usr/local/bin/doxygen;
				FRAMEWORK_SEARCH_PATHS = (
					"$(inherited)",
					"\"$(SYSTEM_APPS_DIR)/Xcode.app/Contents/Developer/Library/Frameworks\"",
				);
				GCC_ENABLE_OBJC_EXCEPTIONS = YES;
				GCC_PRECOMPILE_PREFIX_HEADER = YES;
				GCC_PREFIX_HEADER = "FMSSwizzler/FMSSwizzler-Prefix.pch";
				GCC_TREAT_WARNINGS_AS_ERRORS = YES;
				GCC_WARN_64_TO_32_BIT_CONVERSION = YES;
				GCC_WARN_ABOUT_MISSING_FIELD_INITIALIZERS = YES;
				GCC_WARN_ABOUT_MISSING_NEWLINE = YES;
				GCC_WARN_ABOUT_MISSING_PROTOTYPES = YES;
				GCC_WARN_FOUR_CHARACTER_CONSTANTS = YES;
				GCC_WARN_INITIALIZER_NOT_FULLY_BRACKETED = YES;
				GCC_WARN_SHADOW = YES;
				GCC_WARN_SIGN_COMPARE = YES;
				GCC_WARN_UNDECLARED_SELECTOR = YES;
				GCC_WARN_UNKNOWN_PRAGMAS = YES;
				GCC_WARN_UNUSED_FUNCTION = YES;
				GCC_WARN_UNUSED_LABEL = YES;
				GCC_WARN_UNUSED_PARAMETER = YES;
				MACOSX_DEPLOYMENT_TARGET = 10.9;
				OTHER_LDFLAGS = "-all_load";
				PRODUCT_NAME = "$(TARGET_NAME)";
				PUBLIC_HEADERS_FOLDER_PATH = /usr/local/include/FMSSwizzler;
				RUN_CLANG_STATIC_ANALYZER = YES;
				SDKROOT = macosx;
			};
			name = Release;
		};
		349A22481622168D001D254C /* Debug */ = {
			isa = XCBuildConfiguration;
			buildSettings = {
				COMBINE_HIDPI_IMAGES = YES;
				FRAMEWORK_SEARCH_PATHS = "\"$(DEVELOPER_LIBRARY_DIR)/Frameworks\"";
				GCC_ENABLE_OBJC_EXCEPTIONS = YES;
				GCC_PRECOMPILE_PREFIX_HEADER = YES;
				GCC_PREFIX_HEADER = "FMSSwizzler/FMSSwizzler-Prefix.pch";
				GCC_WARN_64_TO_32_BIT_CONVERSION = YES;
				INFOPLIST_FILE = "FMSwizzler_tests_universal/FMSSwizzler_osxTests-Info.plist";
				MACOSX_DEPLOYMENT_TARGET = 10.9;
				ONLY_ACTIVE_ARCH = YES;
				PRODUCT_NAME = "$(TARGET_NAME)";
				SDKROOT = macosx;
				WRAPPER_EXTENSION = octest;
			};
			name = Debug;
		};
		349A22491622168D001D254C /* Release */ = {
			isa = XCBuildConfiguration;
			buildSettings = {
				COMBINE_HIDPI_IMAGES = YES;
				DEBUG_INFORMATION_FORMAT = "dwarf-with-dsym";
				FRAMEWORK_SEARCH_PATHS = "\"$(DEVELOPER_LIBRARY_DIR)/Frameworks\"";
				GCC_ENABLE_OBJC_EXCEPTIONS = YES;
				GCC_PRECOMPILE_PREFIX_HEADER = YES;
				GCC_PREFIX_HEADER = "FMSSwizzler/FMSSwizzler-Prefix.pch";
				GCC_WARN_64_TO_32_BIT_CONVERSION = YES;
				INFOPLIST_FILE = "FMSwizzler_tests_universal/FMSSwizzler_osxTests-Info.plist";
				MACOSX_DEPLOYMENT_TARGET = 10.9;
				PRODUCT_NAME = "$(TARGET_NAME)";
				SDKROOT = macosx;
				WRAPPER_EXTENSION = octest;
			};
			name = Release;
		};
/* End XCBuildConfiguration section */

/* Begin XCConfigurationList section */
		349A21DD1622152D001D254C /* Build configuration list for PBXProject "FMSSwizzler" */ = {
			isa = XCConfigurationList;
			buildConfigurations = (
				349A22061622152D001D254C /* Debug */,
				349A22071622152D001D254C /* Release */,
			);
			defaultConfigurationIsVisible = 0;
			defaultConfigurationName = Release;
		};
		349A22081622152D001D254C /* Build configuration list for PBXNativeTarget "FMSSwizzler_ios" */ = {
			isa = XCConfigurationList;
			buildConfigurations = (
				349A22091622152D001D254C /* Debug */,
				349A220A1622152D001D254C /* Release */,
			);
			defaultConfigurationIsVisible = 0;
			defaultConfigurationName = Release;
		};
		349A220B1622152D001D254C /* Build configuration list for PBXNativeTarget "FMSSwizzler_iosTests" */ = {
			isa = XCConfigurationList;
			buildConfigurations = (
				349A220C1622152D001D254C /* Debug */,
				349A220D1622152D001D254C /* Release */,
			);
			defaultConfigurationIsVisible = 0;
			defaultConfigurationName = Release;
		};
		349A22441622168D001D254C /* Build configuration list for PBXNativeTarget "FMSwizzler_osx" */ = {
			isa = XCConfigurationList;
			buildConfigurations = (
				349A22451622168D001D254C /* Debug */,
				349A22461622168D001D254C /* Release */,
			);
			defaultConfigurationIsVisible = 0;
			defaultConfigurationName = Release;
		};
		349A22471622168D001D254C /* Build configuration list for PBXNativeTarget "FMSwizzler_osxTests" */ = {
			isa = XCConfigurationList;
			buildConfigurations = (
				349A22481622168D001D254C /* Debug */,
				349A22491622168D001D254C /* Release */,
			);
			defaultConfigurationIsVisible = 0;
			defaultConfigurationName = Release;
		};
/* End XCConfigurationList section */
	};
	rootObject = 349A21DA1622152D001D254C /* Project object */;
}
